CPPJIEBA=8f171de5018e8478ff22ca58caacf579cba809c8
CPPJIEBA_DATA=eed6bfe483105d1db4bfbebaf796f60c173d6e84
CPPJIEBA_DATRIE=a0db40990b90fc91050ec07f389e1ba018e0c773
JIEBA_RS=d653b2104f1c7b624cd550b4497688ec9bdabce9
NEXALOID=8194df8d569e696bec76a945f4edf5fb8e970218
SIMDUTF=ea20f7cbc39fa29a761a443cbccd9668c0b48287
